<?xml version="1.0" encoding="UTF-8"?>
<Scheme
   LastUpgradeVersion = "1320"
   version = "1.3">
   <BuildAction
      parallelizeBuildables = "YES"
      buildImplicitDependencies = "YES">
      <BuildActionEntries>
         <BuildActionEntry
            buildForTesting = "YES"
            buildForRunning = "YES"
            buildForProfiling = "YES"
            buildForArchiving = "YES"
            buildForAnalyzing = "YES">
            <BuildableReference
               BuildableIdentifier = "primary"
               BlueprintIdentifier = "B6332BA327D337AD009BC794"
               BuildableName = "RemotionRenderer.app"
               BlueprintName = "RemotionRenderer"
               ReferencedContainer = "container:RemotionRenderer.xcodeproj">
            </BuildableReference>
         </BuildActionEntry>
      </BuildActionEntries>
   </BuildAction>
   <TestAction
      buildConfiguration = "Debug"
      selectedDebuggerIdentifier = "Xcode.DebuggerFoundation.Debugger.LLDB"
      selectedLauncherIdentifier = "Xcode.DebuggerFoundation.Launcher.LLDB"
      shouldUseLaunchSchemeArgsEnv = "YES">
      <Testables>
      </Testables>
   </TestAction>
   <LaunchAction
      buildConfiguration = "Debug"
      selectedDebuggerIdentifier = "Xcode.DebuggerFoundation.Debugger.LLDB"
      selectedLauncherIdentifier = "Xcode.DebuggerFoundation.Launcher.LLDB"
      launchStyle = "0"
      useCustomWorkingDirectory = "NO"
      ignoresPersistentStateOnLaunch = "NO"
      debugDocumentVersioning = "NO"
      debugServiceExtension = "internal"
      allowLocationSimulation = "YES">
      <BuildableProductRunnable
         runnableDebuggingMode = "0">
         <BuildableReference
            BuildableIdentifier = "primary"
            BlueprintIdentifier = "B6332BA327D337AD009BC794"
            BuildableName = "RemotionRenderer.app"
            BlueprintName = "RemotionRenderer"
            ReferencedContainer = "container:RemotionRenderer.xcodeproj">
         </BuildableReference>
      </BuildableProductRunnable>
      <CommandLineArguments>
         <CommandLineArgument
            argument = "--width 1080"
            isEnabled = "YES">
         </CommandLineArgument>
         <CommandLineArgument
            argument = "--height 1080"
            isEnabled = "YES">
         </CommandLineArgument>
         <CommandLineArgument
            argument = "--start-frame 0"
            isEnabled = "YES">
         </CommandLineArgument>
         <CommandLineArgument
            argument = "--end-frame 900"
            isEnabled = "YES">
         </CommandLineArgument>
         <CommandLineArgument
            argument = "--frame-rate 30"
            isEnabled = "YES">
         </CommandLineArgument>
         <CommandLineArgument
            argument = "--composition-name Audiogram"
            isEnabled = "YES">
         </CommandLineArgument>
         <CommandLineArgument
            argument = "--output-file /Users/Yuki/Documents/Remotion/Omnisession/Omnisession/out/TestWK.mp4"
            isEnabled = "YES">
         </CommandLineArgument>
         <CommandLineArgument
            argument = "/Users/Yuki/Documents/Remotion/Omnisession/Omnisession/out/webpack/index.html"
            isEnabled = "YES">
         </CommandLineArgument>
      </CommandLineArguments>
      <EnvironmentVariables>
         <EnvironmentVariable
            key = "CGBITMAP_CONTEXT_LOG_ERRORS"
            value = "1"
            isEnabled = "YES">
         </EnvironmentVariable>
      </EnvironmentVariables>
   </LaunchAction>
   <ProfileAction
      buildConfiguration = "Release"
      shouldUseLaunchSchemeArgsEnv = "YES"
      savedToolIdentifier = ""
      useCustomWorkingDirectory = "NO"
      debugDocumentVersioning = "YES">
      <BuildableProductRunnable
         runnableDebuggingMode = "0">
         <BuildableReference
            BuildableIdentifier = "primary"
            BlueprintIdentifier = "B6332BA327D337AD009BC794"
            BuildableName = "RemotionRenderer.app"
            BlueprintName = "RemotionRenderer"
            ReferencedContainer = "container:RemotionRenderer.xcodeproj">
         </BuildableReference>
      </BuildableProductRunnable>
   </ProfileAction>
   <AnalyzeAction
      buildConfiguration = "Debug">
   </AnalyzeAction>
   <ArchiveAction
      buildConfiguration = "Release"
      revealArchiveInOrganizer = "YES">
   </ArchiveAction>
</Scheme>
